
Microsoft Visual Studio Solution File, Format Version 12.00
# Visual Studio 15
VisualStudioVersion = 15.0.28307.852
MinimumVisualStudioVersion = 10.0.40219.1
Project("{FAE04EC0-301F-11D3-BF4B-00C04F79EFBC}") = "TestPipelines", "TestPipelines\TestPipelines.csproj", "{702B1315-E1F4-4930-88E2-BA58C20F15F4}"
EndProject
Project("{FAE04EC0-301F-11D3-BF4B-00C04F79EFBC}") = "PipelinesTest", "PipelinesTest\PipelinesTest.csproj", "{B73341E4-176A-4CF4-BADD-C3A929132D29}"
EndProject
Global
	GlobalSection(SolutionConfigurationPlatforms) = preSolution
		Debug|Any CPU = Debug|Any CPU
		Release|Any CPU = Release|Any CPU
	EndGlobalSection
	GlobalSection(ProjectConfigurationPlatforms) = postSolution
		{702B1315-E1F4-4930-88E2-BA58C20F15F4}.Debug|Any CPU.ActiveCfg = Debug|Any CPU
		{702B1315-E1F4-4930-88E2-BA58C20F15F4}.Debug|Any CPU.Build.0 = Debug|Any CPU
		{702B1315-E1F4-4930-88E2-BA58C20F15F4}.Release|Any CPU.ActiveCfg = Release|Any CPU
		{702B1315-E1F4-4930-88E2-BA58C20F15F4}.Release|Any CPU.Build.0 = Release|Any CPU
		{B73341E4-176A-4CF4-BADD-C3A929132D29}.Debug|Any CPU.ActiveCfg = Debug|Any CPU
		{B73341E4-176A-4CF4-BADD-C3A929132D29}.Debug|Any CPU.Build.0 = Debug|Any CPU
		{B73341E4-176A-4CF4-BADD-C3A929132D29}.Release|Any CPU.ActiveCfg = Release|Any CPU
		{B73341E4-176A-4CF4-BADD-C3A929132D29}.Release|Any CPU.Build.0 = Release|Any CPU
	EndGlobalSection
	GlobalSection(SolutionProperties) = preSolution
		HideSolutionNode = FALSE
	EndGlobalSection
	GlobalSection(ExtensibilityGlobals) = postSolution
		SolutionGuid = {6F0E4F72-CA5E-4424-B294-7141AC5AFA87}
	EndGlobalSection
EndGlobal
